# Immutable user-provided reference identities. Validate with
# `python3 tools/verify_assets.py`; private asset runners use `--strict`.
# Disks placed under hdv/ref/ are cloned to hdv/work/ before GUI write-back.
# label | size | sha256 | path | qualified profiles
Cuda 341s0788 | 4352 | 4bad3d4f18425f96bbbdde55eb0413603dba4910d172ffed7ed4d7c1a34358cc | roms/cuda/341s0788.bin | LC475,LC575,Q605
Cuda 341s0060 | 4352 | 607890e9ed816be6ca2210620f649ef63816e78d35b4e1e23858b9c8478a2c16 | roms/cuda/341s0060.bin | Q630,LC580
ADB PIC1654S 342s0440-b | 1024 | 22466ae8e4c11509dcc862e85c65239efcc780d23eda9fd4c69bb8041cb1318e | roms/adbmodem/342s0440-b.bin | Centris610,Centris650,Q610,Q650,Q800,Q700
